
Microsoft Visual Studio Solution File, Format Version 12.00
# Visual Studio Version 17
VisualStudioVersion = 17.4.33205.214
MinimumVisualStudioVersion = 10.0.40219.1
Project("{9A19103F-16F7-4668-BE54-9A1E7A4F7556}") = "RabbitMQ_Chat_Sender", "RabbitMQ_Chat\RabbitMQ_Chat_Sender.csproj", "{5CD231A1-DD75-4823-A5BE-9AE687FA2BF6}"
EndProject
Project("{9A19103F-16F7-4668-BE54-9A1E7A4F7556}") = "RabbitMQ_Chat_Consumer", "RabbitMQ_Chat_Consumer\RabbitMQ_Chat_Consumer.csproj", "{F8912EA8-1AC6-4B45-94D6-B6CA2892C7CE}"
EndProject
Global
	GlobalSection(SolutionConfigurationPlatforms) = preSolution
		Debug|Any CPU = Debug|Any CPU
		Release|Any CPU = Release|Any CPU
	EndGlobalSection
	GlobalSection(ProjectConfigurationPlatforms) = postSolution
		{5CD231A1-DD75-4823-A5BE-9AE687FA2BF6}.Debug|Any CPU.ActiveCfg = Debug|Any CPU
		{5CD231A1-DD75-4823-A5BE-9AE687FA2BF6}.Debug|Any CPU.Build.0 = Debug|Any CPU
		{5CD231A1-DD75-4823-A5BE-9AE687FA2BF6}.Release|Any CPU.ActiveCfg = Release|Any CPU
		{5CD231A1-DD75-4823-A5BE-9AE687FA2BF6}.Release|Any CPU.Build.0 = Release|Any CPU
		{F8912EA8-1AC6-4B45-94D6-B6CA2892C7CE}.Debug|Any CPU.ActiveCfg = Debug|Any CPU
		{F8912EA8-1AC6-4B45-94D6-B6CA2892C7CE}.Debug|Any CPU.Build.0 = Debug|Any CPU
		{F8912EA8-1AC6-4B45-94D6-B6CA2892C7CE}.Release|Any CPU.ActiveCfg = Release|Any CPU
		{F8912EA8-1AC6-4B45-94D6-B6CA2892C7CE}.Release|Any CPU.Build.0 = Release|Any CPU
	EndGlobalSection
	GlobalSection(SolutionProperties) = preSolution
		HideSolutionNode = FALSE
	EndGlobalSection
	GlobalSection(ExtensibilityGlobals) = postSolution
		SolutionGuid = {0C6FF3A5-CF12-4230-A2D3-FDD8505D2205}
	EndGlobalSection
EndGlobal
